
Microsoft Visual Studio Solution File, Format Version 12.00
# Visual Studio Version 17
VisualStudioVersion = 17.11.35303.130
MinimumVisualStudioVersion = 10.0.40219.1
Project("{FAE04EC0-301F-11D3-BF4B-00C04F79EFBC}") = "Project2", "Project2\Project2.csproj", "{6CF0D550-166A-450E-B77D-91213F6EE024}"
EndProject
Global
	GlobalSection(SolutionConfigurationPlatforms) = preSolution
		Debug|Any CPU = Debug|Any CPU
		Release|Any CPU = Release|Any CPU
	EndGlobalSection
	GlobalSection(ProjectConfigurationPlatforms) = postSolution
		{6CF0D550-166A-450E-B77D-91213F6EE024}.Debug|Any CPU.ActiveCfg = Debug|Any CPU
		{6CF0D550-166A-450E-B77D-91213F6EE024}.Debug|Any CPU.Build.0 = Debug|Any CPU
		{6CF0D550-166A-450E-B77D-91213F6EE024}.Release|Any CPU.ActiveCfg = Release|Any CPU
		{6CF0D550-166A-450E-B77D-91213F6EE024}.Release|Any CPU.Build.0 = Release|Any CPU
	EndGlobalSection
	GlobalSection(SolutionProperties) = preSolution
		HideSolutionNode = FALSE
	EndGlobalSection
	GlobalSection(ExtensibilityGlobals) = postSolution
		SolutionGuid = {BCF456C9-3E1F-4AE1-B3CD-BDCE13AFEE08}
	EndGlobalSection
EndGlobal
